
Microsoft Visual Studio Solution File, Format Version 12.00
# Visual Studio Version 17
VisualStudioVersion = 17.0.32126.317
MinimumVisualStudioVersion = 10.0.40219.1
Project("{FAE04EC0-301F-11D3-BF4B-00C04F79EFBC}") = "HotelManage", "HotelManage\HotelManage.csproj", "{0A0D0ACE-A348-4649-B87C-F69398D69954}"
EndProject
Project("{FAE04EC0-301F-11D3-BF4B-00C04F79EFBC}") = "BusinessLogicLayer", "BusinessLogicLayer\BusinessLogicLayer.csproj", "{24CDC1ED-9B55-4E6C-AF71-36587A338AF3}"
EndProject
Project("{FAE04EC0-301F-11D3-BF4B-00C04F79EFBC}") = "DTO", "DTO\DTO.csproj", "{9AABAB5E-1336-4F98-8BBA-53FE1A3F1C54}"
EndProject
Global
	GlobalSection(SolutionConfigurationPlatforms) = preSolution
		Debug|Any CPU = Debug|Any CPU
		Release|Any CPU = Release|Any CPU
	EndGlobalSection
	GlobalSection(ProjectConfigurationPlatforms) = postSolution
		{0A0D0ACE-A348-4649-B87C-F69398D69954}.Debug|Any CPU.ActiveCfg = Debug|Any CPU
		{0A0D0ACE-A348-4649-B87C-F69398D69954}.Debug|Any CPU.Build.0 = Debug|Any CPU
		{0A0D0ACE-A348-4649-B87C-F69398D69954}.Release|Any CPU.ActiveCfg = Release|Any CPU
		{0A0D0ACE-A348-4649-B87C-F69398D69954}.Release|Any CPU.Build.0 = Release|Any CPU
		{24CDC1ED-9B55-4E6C-AF71-36587A338AF3}.Debug|Any CPU.ActiveCfg = Debug|Any CPU
		{24CDC1ED-9B55-4E6C-AF71-36587A338AF3}.Debug|Any CPU.Build.0 = Debug|Any CPU
		{24CDC1ED-9B55-4E6C-AF71-36587A338AF3}.Release|Any CPU.ActiveCfg = Release|Any CPU
		{24CDC1ED-9B55-4E6C-AF71-36587A338AF3}.Release|Any CPU.Build.0 = Release|Any CPU
		{9AABAB5E-1336-4F98-8BBA-53FE1A3F1C54}.Debug|Any CPU.ActiveCfg = Debug|Any CPU
		{9AABAB5E-1336-4F98-8BBA-53FE1A3F1C54}.Debug|Any CPU.Build.0 = Debug|Any CPU
		{9AABAB5E-1336-4F98-8BBA-53FE1A3F1C54}.Release|Any CPU.ActiveCfg = Release|Any CPU
		{9AABAB5E-1336-4F98-8BBA-53FE1A3F1C54}.Release|Any CPU.Build.0 = Release|Any CPU
	EndGlobalSection
	GlobalSection(SolutionProperties) = preSolution
		HideSolutionNode = FALSE
	EndGlobalSection
	GlobalSection(ExtensibilityGlobals) = postSolution
		SolutionGuid = {420E05C1-C3AE-48A9-8113-5CD5A0243082}
	EndGlobalSection
EndGlobal
